
Microsoft Visual Studio Solution File, Format Version 12.00
# Visual Studio 15
Project("{FAE04EC0-301F-11D3-BF4B-00C04F79EFBC}") = "Assembly-CSharp", "Assembly-CSharp.csproj", "{DBA3E3A3-2F2D-D65E-B0EA-182E07DDA8E2}"
EndProject
Project("{FAE04EC0-301F-11D3-BF4B-00C04F79EFBC}") = "Assembly-CSharp-Editor", "Assembly-CSharp-Editor.csproj", "{231036EA-071B-204F-1D82-EDDD4C692FD0}"
EndProject
Global
	GlobalSection(SolutionConfigurationPlatforms) = preSolution
		Debug|Any CPU = Debug|Any CPU
		Release|Any CPU = Release|Any CPU
	EndGlobalSection
	GlobalSection(ProjectConfigurationPlatforms) = postSolution
		{DBA3E3A3-2F2D-D65E-B0EA-182E07DDA8E2}.Debug|Any CPU.ActiveCfg = Debug|Any CPU
		{DBA3E3A3-2F2D-D65E-B0EA-182E07DDA8E2}.Debug|Any CPU.Build.0 = Debug|Any CPU
		{DBA3E3A3-2F2D-D65E-B0EA-182E07DDA8E2}.Release|Any CPU.ActiveCfg = Release|Any CPU
		{DBA3E3A3-2F2D-D65E-B0EA-182E07DDA8E2}.Release|Any CPU.Build.0 = Release|Any CPU
		{231036EA-071B-204F-1D82-EDDD4C692FD0}.Debug|Any CPU.ActiveCfg = Debug|Any CPU
		{231036EA-071B-204F-1D82-EDDD4C692FD0}.Debug|Any CPU.Build.0 = Debug|Any CPU
		{231036EA-071B-204F-1D82-EDDD4C692FD0}.Release|Any CPU.ActiveCfg = Release|Any CPU
		{231036EA-071B-204F-1D82-EDDD4C692FD0}.Release|Any CPU.Build.0 = Release|Any CPU
	EndGlobalSection
	GlobalSection(SolutionProperties) = preSolution
		HideSolutionNode = FALSE
	EndGlobalSection
EndGlobal
